
Microsoft Visual Studio Solution File, Format Version 12.00
# Visual Studio Version 17
VisualStudioVersion = 17.10.35122.118
MinimumVisualStudioVersion = 10.0.40219.1
Project("{FAE04EC0-301F-11D3-BF4B-00C04F79EFBC}") = "TestRPG", "TestRPG\TestRPG.csproj", "{1FFBD914-1812-4CC6-A16F-87098DD51342}"
EndProject
Global
	GlobalSection(SolutionConfigurationPlatforms) = preSolution
		Debug|Any CPU = Debug|Any CPU
		Release|Any CPU = Release|Any CPU
	EndGlobalSection
	GlobalSection(ProjectConfigurationPlatforms) = postSolution
		{1FFBD914-1812-4CC6-A16F-87098DD51342}.Debug|Any CPU.ActiveCfg = Debug|Any CPU
		{1FFBD914-1812-4CC6-A16F-87098DD51342}.Debug|Any CPU.Build.0 = Debug|Any CPU
		{1FFBD914-1812-4CC6-A16F-87098DD51342}.Release|Any CPU.ActiveCfg = Release|Any CPU
		{1FFBD914-1812-4CC6-A16F-87098DD51342}.Release|Any CPU.Build.0 = Release|Any CPU
	EndGlobalSection
	GlobalSection(SolutionProperties) = preSolution
		HideSolutionNode = FALSE
	EndGlobalSection
	GlobalSection(ExtensibilityGlobals) = postSolution
		SolutionGuid = {46739357-AD13-4AA7-BCD6-7E5B39A79484}
	EndGlobalSection
EndGlobal
